
Microsoft Visual Studio Solution File, Format Version 12.00
# Visual Studio Version 16
VisualStudioVersion = 16.0.31424.327
MinimumVisualStudioVersion = 10.0.40219.1
Project("{FAE04EC0-301F-11D3-BF4B-00C04F79EFBC}") = "assignment3_api", "assignment3\assignment3_api.csproj", "{C05A33F7-7DD9-473C-92AA-00C2DFA47464}"
EndProject
Project("{FAE04EC0-301F-11D3-BF4B-00C04F79EFBC}") = "DAL", "DAL\DAL.csproj", "{6558B9DE-0315-411B-BFA7-168F662DAE44}"
EndProject
Project("{FAE04EC0-301F-11D3-BF4B-00C04F79EFBC}") = "BEL", "BEL\BEL.csproj", "{75A482DA-FFB4-4B6B-9AB8-CB7219007A45}"
EndProject
Project("{FAE04EC0-301F-11D3-BF4B-00C04F79EFBC}") = "BLL", "BLL\BLL.csproj", "{DD598FD6-CEC1-477C-B32C-0A8CE051247D}"
EndProject
Global
	GlobalSection(SolutionConfigurationPlatforms) = preSolution
		Debug|Any CPU = Debug|Any CPU
		Release|Any CPU = Release|Any CPU
	EndGlobalSection
	GlobalSection(ProjectConfigurationPlatforms) = postSolution
		{C05A33F7-7DD9-473C-92AA-00C2DFA47464}.Debug|Any CPU.ActiveCfg = Debug|Any CPU
		{C05A33F7-7DD9-473C-92AA-00C2DFA47464}.Debug|Any CPU.Build.0 = Debug|Any CPU
		{C05A33F7-7DD9-473C-92AA-00C2DFA47464}.Release|Any CPU.ActiveCfg = Release|Any CPU
		{C05A33F7-7DD9-473C-92AA-00C2DFA47464}.Release|Any CPU.Build.0 = Release|Any CPU
		{6558B9DE-0315-411B-BFA7-168F662DAE44}.Debug|Any CPU.ActiveCfg = Debug|Any CPU
		{6558B9DE-0315-411B-BFA7-168F662DAE44}.Debug|Any CPU.Build.0 = Debug|Any CPU
		{6558B9DE-0315-411B-BFA7-168F662DAE44}.Release|Any CPU.ActiveCfg = Release|Any CPU
		{6558B9DE-0315-411B-BFA7-168F662DAE44}.Release|Any CPU.Build.0 = Release|Any CPU
		{75A482DA-FFB4-4B6B-9AB8-CB7219007A45}.Debug|Any CPU.ActiveCfg = Debug|Any CPU
		{75A482DA-FFB4-4B6B-9AB8-CB7219007A45}.Debug|Any CPU.Build.0 = Debug|Any CPU
		{75A482DA-FFB4-4B6B-9AB8-CB7219007A45}.Release|Any CPU.ActiveCfg = Release|Any CPU
		{75A482DA-FFB4-4B6B-9AB8-CB7219007A45}.Release|Any CPU.Build.0 = Release|Any CPU
		{DD598FD6-CEC1-477C-B32C-0A8CE051247D}.Debug|Any CPU.ActiveCfg = Debug|Any CPU
		{DD598FD6-CEC1-477C-B32C-0A8CE051247D}.Debug|Any CPU.Build.0 = Debug|Any CPU
		{DD598FD6-CEC1-477C-B32C-0A8CE051247D}.Release|Any CPU.ActiveCfg = Release|Any CPU
		{DD598FD6-CEC1-477C-B32C-0A8CE051247D}.Release|Any CPU.Build.0 = Release|Any CPU
	EndGlobalSection
	GlobalSection(SolutionProperties) = preSolution
		HideSolutionNode = FALSE
	EndGlobalSection
	GlobalSection(ExtensibilityGlobals) = postSolution
		SolutionGuid = {DF6635DD-A8DB-4EE3-91DD-6A2A7E0C0B96}
	EndGlobalSection
EndGlobal
